
Microsoft Visual Studio Solution File, Format Version 12.00
# Visual Studio Version 17
VisualStudioVersion = 17.8.34525.116
MinimumVisualStudioVersion = 10.0.40219.1
Project("{FAE04EC0-301F-11D3-BF4B-00C04F79EFBC}") = "PITPM4", "PITPM4\PITPM4.csproj", "{479FB87C-A869-46D3-945C-46027393CDDB}"
EndProject
Project("{FAE04EC0-301F-11D3-BF4B-00C04F79EFBC}") = "UnitTestProject1", "UnitTestProject1\UnitTestProject1.csproj", "{7576A6F2-1ED9-41B7-8680-9970233858E8}"
EndProject
Global
	GlobalSection(SolutionConfigurationPlatforms) = preSolution
		Debug|Any CPU = Debug|Any CPU
		Release|Any CPU = Release|Any CPU
	EndGlobalSection
	GlobalSection(ProjectConfigurationPlatforms) = postSolution
		{479FB87C-A869-46D3-945C-46027393CDDB}.Debug|Any CPU.ActiveCfg = Debug|Any CPU
		{479FB87C-A869-46D3-945C-46027393CDDB}.Debug|Any CPU.Build.0 = Debug|Any CPU
		{479FB87C-A869-46D3-945C-46027393CDDB}.Release|Any CPU.ActiveCfg = Release|Any CPU
		{479FB87C-A869-46D3-945C-46027393CDDB}.Release|Any CPU.Build.0 = Release|Any CPU
		{7576A6F2-1ED9-41B7-8680-9970233858E8}.Debug|Any CPU.ActiveCfg = Debug|Any CPU
		{7576A6F2-1ED9-41B7-8680-9970233858E8}.Debug|Any CPU.Build.0 = Debug|Any CPU
		{7576A6F2-1ED9-41B7-8680-9970233858E8}.Release|Any CPU.ActiveCfg = Release|Any CPU
		{7576A6F2-1ED9-41B7-8680-9970233858E8}.Release|Any CPU.Build.0 = Release|Any CPU
	EndGlobalSection
	GlobalSection(SolutionProperties) = preSolution
		HideSolutionNode = FALSE
	EndGlobalSection
	GlobalSection(ExtensibilityGlobals) = postSolution
		SolutionGuid = {9364A7C8-9A2A-4D5B-B47A-03B5EE17527E}
	EndGlobalSection
EndGlobal
